
Microsoft Visual Studio Solution File, Format Version 12.00
# Visual Studio 2012
Project("{FAE04EC0-301F-11D3-BF4B-00C04F79EFBC}") = "ArchivePrgm", "ArchivePrgm\ArchivePrgm.csproj", "{26AAB428-F7D1-499D-AF19-948AA68AB133}"
EndProject
Project("{2150E333-8FDC-42A3-9474-1A3956D46DE8}") = "Shared", "Shared", "{89B3B60D-09D7-45EA-87AF-7C9E7BF702F8}"
	ProjectSection(SolutionItems) = preProject
		Assemblyinfo.cs = Assemblyinfo.cs
	EndProjectSection
EndProject
Global
	GlobalSection(SolutionConfigurationPlatforms) = preSolution
		Debug|Any CPU = Debug|Any CPU
		Release|Any CPU = Release|Any CPU
	EndGlobalSection
	GlobalSection(ProjectConfigurationPlatforms) = postSolution
		{26AAB428-F7D1-499D-AF19-948AA68AB133}.Debug|Any CPU.ActiveCfg = Debug|Any CPU
		{26AAB428-F7D1-499D-AF19-948AA68AB133}.Debug|Any CPU.Build.0 = Debug|Any CPU
		{26AAB428-F7D1-499D-AF19-948AA68AB133}.Release|Any CPU.ActiveCfg = Release|Any CPU
		{26AAB428-F7D1-499D-AF19-948AA68AB133}.Release|Any CPU.Build.0 = Release|Any CPU
	EndGlobalSection
	GlobalSection(SolutionProperties) = preSolution
		HideSolutionNode = FALSE
	EndGlobalSection
EndGlobal
